
Microsoft Visual Studio Solution File, Format Version 12.00
# Visual Studio Version 17
VisualStudioVersion = 17.4.33103.184
MinimumVisualStudioVersion = 10.0.40219.1
Project("{FAE04EC0-301F-11D3-BF4B-00C04F79EFBC}") = "Hito3", "Hito3\Hito3.csproj", "{BF49625D-B953-4E88-8DB8-DA8A7743A04D}"
EndProject
Global
	GlobalSection(SolutionConfigurationPlatforms) = preSolution
		Debug|Any CPU = Debug|Any CPU
		Release|Any CPU = Release|Any CPU
	EndGlobalSection
	GlobalSection(ProjectConfigurationPlatforms) = postSolution
		{BF49625D-B953-4E88-8DB8-DA8A7743A04D}.Debug|Any CPU.ActiveCfg = Debug|Any CPU
		{BF49625D-B953-4E88-8DB8-DA8A7743A04D}.Debug|Any CPU.Build.0 = Debug|Any CPU
		{BF49625D-B953-4E88-8DB8-DA8A7743A04D}.Release|Any CPU.ActiveCfg = Release|Any CPU
		{BF49625D-B953-4E88-8DB8-DA8A7743A04D}.Release|Any CPU.Build.0 = Release|Any CPU
	EndGlobalSection
	GlobalSection(SolutionProperties) = preSolution
		HideSolutionNode = FALSE
	EndGlobalSection
	GlobalSection(ExtensibilityGlobals) = postSolution
		SolutionGuid = {366B514A-63F2-47D7-B3E2-D752DAE6ACCF}
	EndGlobalSection
EndGlobal
